// !$*UTF8*$!
{
	archiveVersion = 1;
	classes = {
	};
	objectVersion = 50;
	objects = {

/* Begin PBXBuildFile section */
		212B30EF2AD99330005FDB17 /* GuessColorGameViewController.swift in Sources */ = {isa = PBXBuildFile; fileRef = 212B30EE2AD99330005FDB17 /* GuessColorGameViewController.swift */; };
		212B30F22AD9A3CE005FDB17 /* UiKitExtensions.swift in Sources */ = {isa = PBXBuildFile; fileRef = 212B30F12AD9A3CD005FDB17 /* UiKitExtensions.swift */; };
		21817D652AD1665E005CA157 /* AppDelegate.swift in Sources */ = {isa = PBXBuildFile; fileRef = 21817D642AD1665E005CA157 /* AppDelegate.swift */; };
		21817D672AD1665E005CA157 /* SceneDelegate.swift in Sources */ = {isa = PBXBuildFile; fileRef = 21817D662AD1665E005CA157 /* SceneDelegate.swift */; };
		21817D692AD1665E005CA157 /* ViewController.swift in Sources */ = {isa = PBXBuildFile; fileRef = 21817D682AD1665E005CA157 /* ViewController.swift */; };
		21817D6C2AD1665E005CA157 /* Main.storyboard in Resources */ = {isa = PBXBuildFile; fileRef = 21817D6A2AD1665E005CA157 /* Main.storyboard */; };
		21817D6E2AD1665E005CA157 /* Assets.xcassets in Resources */ = {isa = PBXBuildFile; fileRef = 21817D6D2AD1665E005CA157 /* Assets.xcassets */; };
		21817D712AD1665E005CA157 /* LaunchScreen.storyboard in Resources */ = {isa = PBXBuildFile; fileRef = 21817D6F2AD1665E005CA157 /* LaunchScreen.storyboard */; };
		21ED89DC2AD40589002A9ADE /* SecondViewController.swift in Sources */ = {isa = PBXBuildFile; fileRef = 21ED89DB2AD40589002A9ADE /* SecondViewController.swift */; };
		21ED89E02AD6EC73002A9ADE /* Game.swift in Sources */ = {isa = PBXBuildFile; fileRef = 21ED89DF2AD6EC73002A9ADE /* Game.swift */; };
/* End PBXBuildFile section */

/* Begin PBXFileReference section */
		212B30EE2AD99330005FDB17 /* GuessColorGameViewController.swift */ = {isa = PBXFileReference; lastKnownFileType = sourcecode.swift; path = GuessColorGameViewController.swift; sourceTree = "<group>"; };
		212B30F12AD9A3CD005FDB17 /* UiKitExtensions.swift */ = {isa = PBXFileReference; lastKnownFileType = sourcecode.swift; path = UiKitExtensions.swift; sourceTree = "<group>"; };
		21817D612AD1665E005CA157 /* Right on target.app */ = {isa = PBXFileReference; explicitFileType = wrapper.application; includeInIndex = 0; path = "Right on target.app"; sourceTree = BUILT_PRODUCTS_DIR; };
		21817D642AD1665E005CA157 /* AppDelegate.swift */ = {isa = PBXFileReference; lastKnownFileType = sourcecode.swift; path = AppDelegate.swift; sourceTree = "<group>"; };
		21817D662AD1665E005CA157 /* SceneDelegate.swift */ = {isa = PBXFileReference; lastKnownFileType = sourcecode.swift; path = SceneDelegate.swift; sourceTree = "<group>"; };
		21817D682AD1665E005CA157 /* ViewController.swift */ = {isa = PBXFileReference; lastKnownFileType = sourcecode.swift; path = ViewController.swift; sourceTree = "<group>"; };
		21817D6B2AD1665E005CA157 /* Base */ = {isa = PBXFileReference; lastKnownFileType = file.storyboard; name = Base; path = Base.lproj/Main.storyboard; sourceTree = "<group>"; };
		21817D6D2AD1665E005CA157 /* Assets.xcassets */ = {isa = PBXFileReference; lastKnownFileType = folder.assetcatalog; path = Assets.xcassets; sourceTree = "<group>"; };
		21817D702AD1665E005CA157 /* Base */ = {isa = PBXFileReference; lastKnownFileType = file.storyboard; name = Base; path = Base.lproj/LaunchScreen.storyboard; sourceTree = "<group>"; };
		21817D722AD1665E005CA157 /* Info.plist */ = {isa = PBXFileReference; lastKnownFileType = text.plist.xml; path = Info.plist; sourceTree = "<group>"; };
		21ED89DB2AD40589002A9ADE /* SecondViewController.swift */ = {isa = PBXFileReference; lastKnownFileType = sourcecode.swift; path = SecondViewController.swift; sourceTree = SOURCE_ROOT; };
		21ED89DF2AD6EC73002A9ADE /* Game.swift */ = {isa = PBXFileReference; lastKnownFileType = sourcecode.swift; path = Game.swift; sourceTree = "<group>"; };
/* End PBXFileReference section */

/* Begin PBXFrameworksBuildPhase section */
		21817D5E2AD1665E005CA157 /* Frameworks */ = {
			isa = PBXFrameworksBuildPhase;
			buildActionMask = 2147483647;
			files = (
			);
			runOnlyForDeploymentPostprocessing = 0;
		};
/* End PBXFrameworksBuildPhase section */

/* Begin PBXGroup section */
		21817D582AD1665E005CA157 = {
			isa = PBXGroup;
			children = (
				21817D632AD1665E005CA157 /* Right on target */,
				21817D622AD1665E005CA157 /* Products */,
			);
			sourceTree = "<group>";
		};
		21817D622AD1665E005CA157 /* Products */ = {
			isa = PBXGroup;
			children = (
				21817D612AD1665E005CA157 /* Right on target.app */,
			);
			name = Products;
			sourceTree = "<group>";
		};
		21817D632AD1665E005CA157 /* Right on target */ = {
			isa = PBXGroup;
			children = (
				21ED89DE2AD6EC4C002A9ADE /* Model */,
				21817D642AD1665E005CA157 /* AppDelegate.swift */,
				21817D662AD1665E005CA157 /* SceneDelegate.swift */,
				21817D682AD1665E005CA157 /* ViewController.swift */,
				21ED89DB2AD40589002A9ADE /* SecondViewController.swift */,
				212B30F12AD9A3CD005FDB17 /* UiKitExtensions.swift */,
				21817D6A2AD1665E005CA157 /* Main.storyboard */,
				212B30EE2AD99330005FDB17 /* GuessColorGameViewController.swift */,
				21817D6D2AD1665E005CA157 /* Assets.xcassets */,
				21817D6F2AD1665E005CA157 /* LaunchScreen.storyboard */,
				21817D722AD1665E005CA157 /* Info.plist */,
			);
			path = "Right on target";
			sourceTree = "<group>";
		};
		21ED89DE2AD6EC4C002A9ADE /* Model */ = {
			isa = PBXGroup;
			children = (
				21ED89DF2AD6EC73002A9ADE /* Game.swift */,
			);
			path = Model;
			sourceTree = "<group>";
		};
/* End PBXGroup section */

/* Begin PBXNativeTarget section */
		21817D602AD1665E005CA157 /* Right on target */ = {
			isa = PBXNativeTarget;
			buildConfigurationList = 21817D752AD1665E005CA157 /* Build configuration list for PBXNativeTarget "Right on target" */;
			buildPhases = (
				21817D5D2AD1665E005CA157 /* Sources */,
				21817D5E2AD1665E005CA157 /* Frameworks */,
				21817D5F2AD1665E005CA157 /* Resources */,
			);
			buildRules = (
			);
			dependencies = (
			);
			name = "Right on target";
			productName = "Right on target";
			productReference = 21817D612AD1665E005CA157 /* Right on target.app */;
			productType = "com.apple.product-type.application";
		};
/* End PBXNativeTarget section */

/* Begin PBXProject section */
		21817D592AD1665E005CA157 /* Project object */ = {
			isa = PBXProject;
			attributes = {
				LastSwiftUpdateCheck = 1240;
				LastUpgradeCheck = 1240;
				TargetAttributes = {
					21817D602AD1665E005CA157 = {
						CreatedOnToolsVersion = 12.4;
					};
				};
			};
			buildConfigurationList = 21817D5C2AD1665E005CA157 /* Build configuration list for PBXProject "Right on target" */;
			compatibilityVersion = "Xcode 9.3";
			developmentRegion = en;
			hasScannedForEncodings = 0;
			knownRegions = (
				en,
				Base,
			);
			mainGroup = 21817D582AD1665E005CA157;
			productRefGroup = 21817D622AD1665E005CA157 /* Products */;
			projectDirPath = "";
			projectRoot = "";
			targets = (
				21817D602AD1665E005CA157 /* Right on target */,
			);
		};
/* End PBXProject section */

/* Begin PBXResourcesBuildPhase section */
		21817D5F2AD1665E005CA157 /* Resources */ = {
			isa = PBXResourcesBuildPhase;
			buildActionMask = 2147483647;
			files = (
				21817D712AD1665E005CA157 /* LaunchScreen.storyboard in Resources */,
				21817D6E2AD1665E005CA157 /* Assets.xcassets in Resources */,
				21817D6C2AD1665E005CA157 /* Main.storyboard in Resources */,
			);
			runOnlyForDeploymentPostprocessing = 0;
		};
/* End PBXResourcesBuildPhase section */

/* Begin PBXSourcesBuildPhase section */
		21817D5D2AD1665E005CA157 /* Sources */ = {
			isa = PBXSourcesBuildPhase;
			buildActionMask = 2147483647;
			files = (
				21ED89DC2AD40589002A9ADE /* SecondViewController.swift in Sources */,
				21ED89E02AD6EC73002A9ADE /* Game.swift in Sources */,
				212B30F22AD9A3CE005FDB17 /* UiKitExtensions.swift in Sources */,
				212B30EF2AD99330005FDB17 /* GuessColorGameViewController.swift in Sources */,
				21817D692AD1665E005CA157 /* ViewController.swift in Sources */,
				21817D652AD1665E005CA157 /* AppDelegate.swift in Sources */,
				21817D672AD1665E005CA157 /* SceneDelegate.swift in Sources */,
			);
			runOnlyForDeploymentPostprocessing = 0;
		};
/* End PBXSourcesBuildPhase section */

/* Begin PBXVariantGroup section */
		21817D6A2AD1665E005CA157 /* Main.storyboard */ = {
			isa = PBXVariantGroup;
			children = (
				21817D6B2AD1665E005CA157 /* Base */,
			);
			name = Main.storyboard;
			sourceTree = "<group>";
		};
		21817D6F2AD1665E005CA157 /* LaunchScreen.storyboard */ = {
			isa = PBXVariantGroup;
			children = (
				21817D702AD1665E005CA157 /* Base */,
			);
			name = LaunchScreen.storyboard;
			sourceTree = "<group>";
		};
/* End PBXVariantGroup section */

/* Begin XCBuildConfiguration section */
		21817D732AD1665E005CA157 /* Debug */ = {
			isa = XCBuildConfiguration;
			buildSettings = {
				ALWAYS_SEARCH_USER_PATHS = NO;
				CLANG_ANALYZER_NONNULL = YES;
				CLANG_ANALYZER_NUMBER_OBJECT_CONVERSION = YES_AGGRESSIVE;
				CLANG_CXX_LANGUAGE_STANDARD = "gnu++14";
				CLANG_CXX_LIBRARY = "libc++";
				CLANG_ENABLE_MODULES = YES;
				CLANG_ENABLE_OBJC_ARC = YES;
				CLANG_ENABLE_OBJC_WEAK = YES;
				CLANG_WARN_BLOCK_CAPTURE_AUTORELEASING = YES;
				CLANG_WARN_BOOL_CONVERSION = YES;
				CLANG_WARN_COMMA = YES;
				CLANG_WARN_CONSTANT_CONVERSION = YES;
				CLANG_WARN_DEPRECATED_OBJC_IMPLEMENTATIONS = YES;
				CLANG_WARN_DIRECT_OBJC_ISA_USAGE = YES_ERROR;
				CLANG_WARN_DOCUMENTATION_COMMENTS = YES;
				CLANG_WARN_EMPTY_BODY = YES;
				CLANG_WARN_ENUM_CONVERSION = YES;
				CLANG_WARN_INFINITE_RECURSION = YES;
				CLANG_WARN_INT_CONVERSION = YES;
				CLANG_WARN_NON_LITERAL_NULL_CONVERSION = YES;
				CLANG_WARN_OBJC_IMPLICIT_RETAIN_SELF = YES;
				CLANG_WARN_OBJC_LITERAL_CONVERSION = YES;
				CLANG_WARN_OBJC_ROOT_CLASS = YES_ERROR;
				CLANG_WARN_QUOTED_INCLUDE_IN_FRAMEWORK_HEADER = YES;
				CLANG_WARN_RANGE_LOOP_ANALYSIS = YES;
				CLANG_WARN_STRICT_PROTOTYPES = YES;
				CLANG_WARN_SUSPICIOUS_MOVE = YES;
				CLANG_WARN_UNGUARDED_AVAILABILITY = YES_AGGRESSIVE;
				CLANG_WARN_UNREACHABLE_CODE = YES;
				CLANG_WARN__DUPLICATE_METHOD_MATCH = YES;
				COPY_PHASE_STRIP = NO;
				DEBUG_INFORMATION_FORMAT = dwarf;
				ENABLE_STRICT_OBJC_MSGSEND = YES;
				ENABLE_TESTABILITY = YES;
				GCC_C_LANGUAGE_STANDARD = gnu11;
				GCC_DYNAMIC_NO_PIC = NO;
				GCC_NO_COMMON_BLOCKS = YES;
				GCC_OPTIMIZATION_LEVEL = 0;
				GCC_PREPROCESSOR_DEFINITIONS = (
					"DEBUG=1",
					"$(inherited)",
				);
				GCC_WARN_64_TO_32_BIT_CONVERSION = YES;
				GCC_WARN_ABOUT_RETURN_TYPE = YES_ERROR;
				GCC_WARN_UNDECLARED_SELECTOR = YES;
				GCC_WARN_UNINITIALIZED_AUTOS = YES_AGGRESSIVE;
				GCC_WARN_UNUSED_FUNCTION = YES;
				GCC_WARN_UNUSED_VARIABLE = YES;
				IPHONEOS_DEPLOYMENT_TARGET = 14.4;
				MTL_ENABLE_DEBUG_INFO = INCLUDE_SOURCE;
				MTL_FAST_MATH = YES;
				ONLY_ACTIVE_ARCH = YES;
				SDKROOT = iphoneos;
				SWIFT_ACTIVE_COMPILATION_CONDITIONS = DEBUG;
				SWIFT_OPTIMIZATION_LEVEL = "-Onone";
			};
			name = Debug;
		};
		21817D742AD1665E005CA157 /* Release */ = {
			isa = XCBuildConfiguration;
			buildSettings = {
				ALWAYS_SEARCH_USER_PATHS = NO;
				CLANG_ANALYZER_NONNULL = YES;
				CLANG_ANALYZER_NUMBER_OBJECT_CONVERSION = YES_AGGRESSIVE;
				CLANG_CXX_LANGUAGE_STANDARD = "gnu++14";
				CLANG_CXX_LIBRARY = "libc++";
				CLANG_ENABLE_MODULES = YES;
				CLANG_ENABLE_OBJC_ARC = YES;
				CLANG_ENABLE_OBJC_WEAK = YES;
				CLANG_WARN_BLOCK_CAPTURE_AUTORELEASING = YES;
				CLANG_WARN_BOOL_CONVERSION = YES;
				CLANG_WARN_COMMA = YES;
				CLANG_WARN_CONSTANT_CONVERSION = YES;
				CLANG_WARN_DEPRECATED_OBJC_IMPLEMENTATIONS = YES;
				CLANG_WARN_DIRECT_OBJC_ISA_USAGE = YES_ERROR;
				CLANG_WARN_DOCUMENTATION_COMMENTS = YES;
				CLANG_WARN_EMPTY_BODY = YES;
				CLANG_WARN_ENUM_CONVERSION = YES;
				CLANG_WARN_INFINITE_RECURSION = YES;
				CLANG_WARN_INT_CONVERSION = YES;
				CLANG_WARN_NON_LITERAL_NULL_CONVERSION = YES;
				CLANG_WARN_OBJC_IMPLICIT_RETAIN_SELF = YES;
				CLANG_WARN_OBJC_LITERAL_CONVERSION = YES;
				CLANG_WARN_OBJC_ROOT_CLASS = YES_ERROR;
				CLANG_WARN_QUOTED_INCLUDE_IN_FRAMEWORK_HEADER = YES;
				CLANG_WARN_RANGE_LOOP_ANALYSIS = YES;
				CLANG_WARN_STRICT_PROTOTYPES = YES;
				CLANG_WARN_SUSPICIOUS_MOVE = YES;
				CLANG_WARN_UNGUARDED_AVAILABILITY = YES_AGGRESSIVE;
				CLANG_WARN_UNREACHABLE_CODE = YES;
				CLANG_WARN__DUPLICATE_METHOD_MATCH = YES;
				COPY_PHASE_STRIP = NO;
				DEBUG_INFORMATION_FORMAT = "dwarf-with-dsym";
				ENABLE_NS_ASSERTIONS = NO;
				ENABLE_STRICT_OBJC_MSGSEND = YES;
				GCC_C_LANGUAGE_STANDARD = gnu11;
				GCC_NO_COMMON_BLOCKS = YES;
				GCC_WARN_64_TO_32_BIT_CONVERSION = YES;
				GCC_WARN_ABOUT_RETURN_TYPE = YES_ERROR;
				GCC_WARN_UNDECLARED_SELECTOR = YES;
				GCC_WARN_UNINITIALIZED_AUTOS = YES_AGGRESSIVE;
				GCC_WARN_UNUSED_FUNCTION = YES;
				GCC_WARN_UNUSED_VARIABLE = YES;
				IPHONEOS_DEPLOYMENT_TARGET = 14.4;
				MTL_ENABLE_DEBUG_INFO = NO;
				MTL_FAST_MATH = YES;
				SDKROOT = iphoneos;
				SWIFT_COMPILATION_MODE = wholemodule;
				SWIFT_OPTIMIZATION_LEVEL = "-O";
				VALIDATE_PRODUCT = YES;
			};
			name = Release;
		};
		21817D762AD1665E005CA157 /* Debug */ = {
			isa = XCBuildConfiguration;
			buildSettings = {
				ASSETCATALOG_COMPILER_APPICON_NAME = AppIcon;
				ASSETCATALOG_COMPILER_GLOBAL_ACCENT_COLOR_NAME = AccentColor;
				CODE_SIGN_STYLE = Automatic;
				INFOPLIST_FILE = "Right on target/Info.plist";
				LD_RUNPATH_SEARCH_PATHS = (
					"$(inherited)",
					"@executable_path/Frameworks",
				);
				MARKETING_VERSION = 1.3;
				PRODUCT_BUNDLE_IDENTIFIER = "learn.Right-on-target";
				PRODUCT_NAME = "$(TARGET_NAME)";
				SWIFT_VERSION = 5.0;
				TARGETED_DEVICE_FAMILY = "1,2";
			};
			name = Debug;
		};
		21817D772AD1665E005CA157 /* Release */ = {
			isa = XCBuildConfiguration;
			buildSettings = {
				ASSETCATALOG_COMPILER_APPICON_NAME = AppIcon;
				ASSETCATALOG_COMPILER_GLOBAL_ACCENT_COLOR_NAME = AccentColor;
				CODE_SIGN_STYLE = Automatic;
				INFOPLIST_FILE = "Right on target/Info.plist";
				LD_RUNPATH_SEARCH_PATHS = (
					"$(inherited)",
					"@executable_path/Frameworks",
				);
				MARKETING_VERSION = 1.3;
				PRODUCT_BUNDLE_IDENTIFIER = "learn.Right-on-target";
				PRODUCT_NAME = "$(TARGET_NAME)";
				SWIFT_VERSION = 5.0;
				TARGETED_DEVICE_FAMILY = "1,2";
			};
			name = Release;
		};
/* End XCBuildConfiguration section */

/* Begin XCConfigurationList section */
		21817D5C2AD1665E005CA157 /* Build configuration list for PBXProject "Right on target" */ = {
			isa = XCConfigurationList;
			buildConfigurations = (
				21817D732AD1665E005CA157 /* Debug */,
				21817D742AD1665E005CA157 /* Release */,
			);
			defaultConfigurationIsVisible = 0;
			defaultConfigurationName = Release;
		};
		21817D752AD1665E005CA157 /* Build configuration list for PBXNativeTarget "Right on target" */ = {
			isa = XCConfigurationList;
			buildConfigurations = (
				21817D762AD1665E005CA157 /* Debug */,
				21817D772AD1665E005CA157 /* Release */,
			);
			defaultConfigurationIsVisible = 0;
			defaultConfigurationName = Release;
		};
/* End XCConfigurationList section */
	};
	rootObject = 21817D592AD1665E005CA157 /* Project object */;
}
